// !$*UTF8*$!
{
	archiveVersion = 1;
	classes = {
	};
	objectVersion = 47;
	objects = {

/* Begin PBXBuildFile section */
		83D7E02C1D2870ED001DD274 /* AppDelegate.swift in Sources */ = {isa = PBXBuildFile; fileRef = 83D7E02B1D2870ED001DD274 /* AppDelegate.swift */; };
		83D7E02E1D2870ED001DD274 /* Document.swift in Sources */ = {isa = PBXBuildFile; fileRef = 83D7E02D1D2870ED001DD274 /* Document.swift */; };
		83D7E0311D2870ED001DD274 /* Document.xib in Resources */ = {isa = PBXBuildFile; fileRef = 83D7E02F1D2870ED001DD274 /* Document.xib */; };
		83D7E0331D2870ED001DD274 /* Assets.xcassets in Resources */ = {isa = PBXBuildFile; fileRef = 83D7E0321D2870ED001DD274 /* Assets.xcassets */; };
		83D7E0361D2870ED001DD274 /* MainMenu.xib in Resources */ = {isa = PBXBuildFile; fileRef = 83D7E0341D2870ED001DD274 /* MainMenu.xib */; };
		83D7E0411D2870ED001DD274 /* NotesTests.swift in Sources */ = {isa = PBXBuildFile; fileRef = 83D7E0401D2870ED001DD274 /* NotesTests.swift */; };
		83D7E04C1D2870ED001DD274 /* NotesUITests.swift in Sources */ = {isa = PBXBuildFile; fileRef = 83D7E04B1D2870ED001DD274 /* NotesUITests.swift */; };
/* End PBXBuildFile section */

/* Begin PBXContainerItemProxy section */
		83D7E03D1D2870ED001DD274 /* PBXContainerItemProxy */ = {
			isa = PBXContainerItemProxy;
			containerPortal = 83D7E0201D2870ED001DD274 /* Project object */;
			proxyType = 1;
			remoteGlobalIDString = 83D7E0271D2870ED001DD274;
			remoteInfo = Notes;
		};
		83D7E0481D2870ED001DD274 /* PBXContainerItemProxy */ = {
			isa = PBXContainerItemProxy;
			containerPortal = 83D7E0201D2870ED001DD274 /* Project object */;
			proxyType = 1;
			remoteGlobalIDString = 83D7E0271D2870ED001DD274;
			remoteInfo = Notes;
		};
/* End PBXContainerItemProxy section */

/* Begin PBXFileReference section */
		83D7E0281D2870ED001DD274 /* Notes.app */ = {isa = PBXFileReference; explicitFileType = wrapper.application; includeInIndex = 0; path = Notes.app; sourceTree = BUILT_PRODUCTS_DIR; };
		83D7E02B1D2870ED001DD274 /* AppDelegate.swift */ = {isa = PBXFileReference; lastKnownFileType = sourcecode.swift; path = AppDelegate.swift; sourceTree = "<group>"; };
		83D7E02D1D2870ED001DD274 /* Document.swift */ = {isa = PBXFileReference; lastKnownFileType = sourcecode.swift; path = Document.swift; sourceTree = "<group>"; };
		83D7E0301D2870ED001DD274 /* Base */ = {isa = PBXFileReference; lastKnownFileType = file.xib; name = Base; path = Base.lproj/Document.xib; sourceTree = "<group>"; };
		83D7E0321D2870ED001DD274 /* Assets.xcassets */ = {isa = PBXFileReference; lastKnownFileType = folder.assetcatalog; path = Assets.xcassets; sourceTree = "<group>"; };
		83D7E0351D2870ED001DD274 /* Base */ = {isa = PBXFileReference; lastKnownFileType = file.xib; name = Base; path = Base.lproj/MainMenu.xib; sourceTree = "<group>"; };
		83D7E0371D2870ED001DD274 /* Info.plist */ = {isa = PBXFileReference; lastKnownFileType = text.plist.xml; path = Info.plist; sourceTree = "<group>"; };
		83D7E03C1D2870ED001DD274 /* NotesTests.xctest */ = {isa = PBXFileReference; explicitFileType = wrapper.cfbundle; includeInIndex = 0; path = NotesTests.xctest; sourceTree = BUILT_PRODUCTS_DIR; };
		83D7E0401D2870ED001DD274 /* NotesTests.swift */ = {isa = PBXFileReference; lastKnownFileType = sourcecode.swift; path = NotesTests.swift; sourceTree = "<group>"; };
		83D7E0421D2870ED001DD274 /* Info.plist */ = {isa = PBXFileReference; lastKnownFileType = text.plist.xml; path = Info.plist; sourceTree = "<group>"; };
		83D7E0471D2870ED001DD274 /* NotesUITests.xctest */ = {isa = PBXFileReference; explicitFileType = wrapper.cfbundle; includeInIndex = 0; path = NotesUITests.xctest; sourceTree = BUILT_PRODUCTS_DIR; };
		83D7E04B1D2870ED001DD274 /* NotesUITests.swift */ = {isa = PBXFileReference; lastKnownFileType = sourcecode.swift; path = NotesUITests.swift; sourceTree = "<group>"; };
		83D7E04D1D2870ED001DD274 /* Info.plist */ = {isa = PBXFileReference; lastKnownFileType = text.plist.xml; path = Info.plist; sourceTree = "<group>"; };
/* End PBXFileReference section */

/* Begin PBXFrameworksBuildPhase section */
		83D7E0251D2870ED001DD274 /* Frameworks */ = {
			isa = PBXFrameworksBuildPhase;
			buildActionMask = 2147483647;
			files = (
			);
			runOnlyForDeploymentPostprocessing = 0;
		};
		83D7E0391D2870ED001DD274 /* Frameworks */ = {
			isa = PBXFrameworksBuildPhase;
			buildActionMask = 2147483647;
			files = (
			);
			runOnlyForDeploymentPostprocessing = 0;
		};
		83D7E0441D2870ED001DD274 /* Frameworks */ = {
			isa = PBXFrameworksBuildPhase;
			buildActionMask = 2147483647;
			files = (
			);
			runOnlyForDeploymentPostprocessing = 0;
		};
/* End PBXFrameworksBuildPhase section */

/* Begin PBXGroup section */
		83D7E01F1D2870ED001DD274 = {
			isa = PBXGroup;
			children = (
				83D7E02A1D2870ED001DD274 /* Notes */,
				83D7E03F1D2870ED001DD274 /* NotesTests */,
				83D7E04A1D2870ED001DD274 /* NotesUITests */,
				83D7E0291D2870ED001DD274 /* Products */,
			);
			sourceTree = "<group>";
		};
		83D7E0291D2870ED001DD274 /* Products */ = {
			isa = PBXGroup;
			children = (
				83D7E0281D2870ED001DD274 /* Notes.app */,
				83D7E03C1D2870ED001DD274 /* NotesTests.xctest */,
				83D7E0471D2870ED001DD274 /* NotesUITests.xctest */,
			);
			name = Products;
			sourceTree = "<group>";
		};
		83D7E02A1D2870ED001DD274 /* Notes */ = {
			isa = PBXGroup;
			children = (
				83D7E02B1D2870ED001DD274 /* AppDelegate.swift */,
				83D7E02D1D2870ED001DD274 /* Document.swift */,
				83D7E02F1D2870ED001DD274 /* Document.xib */,
				83D7E0321D2870ED001DD274 /* Assets.xcassets */,
				83D7E0341D2870ED001DD274 /* MainMenu.xib */,
				83D7E0371D2870ED001DD274 /* Info.plist */,
			);
			path = Notes;
			sourceTree = "<group>";
		};
		83D7E03F1D2870ED001DD274 /* NotesTests */ = {
			isa = PBXGroup;
			children = (
				83D7E0401D2870ED001DD274 /* NotesTests.swift */,
				83D7E0421D2870ED001DD274 /* Info.plist */,
			);
			path = NotesTests;
			sourceTree = "<group>";
		};
		83D7E04A1D2870ED001DD274 /* NotesUITests */ = {
			isa = PBXGroup;
			children = (
				83D7E04B1D2870ED001DD274 /* NotesUITests.swift */,
				83D7E04D1D2870ED001DD274 /* Info.plist */,
			);
			path = NotesUITests;
			sourceTree = "<group>";
		};
/* End PBXGroup section */

/* Begin PBXNativeTarget section */
		83D7E0271D2870ED001DD274 /* Notes */ = {
			isa = PBXNativeTarget;
			buildConfigurationList = 83D7E0501D2870ED001DD274 /* Build configuration list for PBXNativeTarget "Notes" */;
			buildPhases = (
				83D7E0241D2870ED001DD274 /* Sources */,
				83D7E0251D2870ED001DD274 /* Frameworks */,
				83D7E0261D2870ED001DD274 /* Resources */,
			);
			buildRules = (
			);
			dependencies = (
			);
			name = Notes;
			productName = Notes;
			productReference = 83D7E0281D2870ED001DD274 /* Notes.app */;
			productType = "com.apple.product-type.application";
		};
		83D7E03B1D2870ED001DD274 /* NotesTests */ = {
			isa = PBXNativeTarget;
			buildConfigurationList = 83D7E0531D2870ED001DD274 /* Build configuration list for PBXNativeTarget "NotesTests" */;
			buildPhases = (
				83D7E0381D2870ED001DD274 /* Sources */,
				83D7E0391D2870ED001DD274 /* Frameworks */,
				83D7E03A1D2870ED001DD274 /* Resources */,
			);
			buildRules = (
			);
			dependencies = (
				83D7E03E1D2870ED001DD274 /* PBXTargetDependency */,
			);
			name = NotesTests;
			productName = NotesTests;
			productReference = 83D7E03C1D2870ED001DD274 /* NotesTests.xctest */;
			productType = "com.apple.product-type.bundle.unit-test";
		};
		83D7E0461D2870ED001DD274 /* NotesUITests */ = {
			isa = PBXNativeTarget;
			buildConfigurationList = 83D7E0561D2870ED001DD274 /* Build configuration list for PBXNativeTarget "NotesUITests" */;
			buildPhases = (
				83D7E0431D2870ED001DD274 /* Sources */,
				83D7E0441D2870ED001DD274 /* Frameworks */,
				83D7E0451D2870ED001DD274 /* Resources */,
			);
			buildRules = (
			);
			dependencies = (
				83D7E0491D2870ED001DD274 /* PBXTargetDependency */,
			);
			name = NotesUITests;
			productName = NotesUITests;
			productReference = 83D7E0471D2870ED001DD274 /* NotesUITests.xctest */;
			productType = "com.apple.product-type.bundle.ui-testing";
		};
/* End PBXNativeTarget section */

/* Begin PBXProject section */
		83D7E0201D2870ED001DD274 /* Project object */ = {
			isa = PBXProject;
			attributes = {
				LastSwiftUpdateCheck = 0800;
				LastUpgradeCheck = 0800;
				ORGANIZATIONNAME = "Metacognitive Software";
				TargetAttributes = {
					83D7E0271D2870ED001DD274 = {
						CreatedOnToolsVersion = 8.0;
						ProvisioningStyle = Automatic;
					};
					83D7E03B1D2870ED001DD274 = {
						CreatedOnToolsVersion = 8.0;
						ProvisioningStyle = Automatic;
						TestTargetID = 83D7E0271D2870ED001DD274;
					};
					83D7E0461D2870ED001DD274 = {
						CreatedOnToolsVersion = 8.0;
						ProvisioningStyle = Automatic;
						TestTargetID = 83D7E0271D2870ED001DD274;
					};
				};
			};
			buildConfigurationList = 83D7E0231D2870ED001DD274 /* Build configuration list for PBXProject "Notes" */;
			compatibilityVersion = "Xcode 6.3";
			developmentRegion = English;
			hasScannedForEncodings = 0;
			knownRegions = (
				en,
				Base,
			);
			mainGroup = 83D7E01F1D2870ED001DD274;
			productRefGroup = 83D7E0291D2870ED001DD274 /* Products */;
			projectDirPath = "";
			projectRoot = "";
			targets = (
				83D7E0271D2870ED001DD274 /* Notes */,
				83D7E03B1D2870ED001DD274 /* NotesTests */,
				83D7E0461D2870ED001DD274 /* NotesUITests */,
			);
		};
/* End PBXProject section */

/* Begin PBXResourcesBuildPhase section */
		83D7E0261D2870ED001DD274 /* Resources */ = {
			isa = PBXResourcesBuildPhase;
			buildActionMask = 2147483647;
			files = (
				83D7E0331D2870ED001DD274 /* Assets.xcassets in Resources */,
				83D7E0311D2870ED001DD274 /* Document.xib in Resources */,
				83D7E0361D2870ED001DD274 /* MainMenu.xib in Resources */,
			);
			runOnlyForDeploymentPostprocessing = 0;
		};
		83D7E03A1D2870ED001DD274 /* Resources */ = {
			isa = PBXResourcesBuildPhase;
			buildActionMask = 2147483647;
			files = (
			);
			runOnlyForDeploymentPostprocessing = 0;
		};
		83D7E0451D2870ED001DD274 /* Resources */ = {
			isa = PBXResourcesBuildPhase;
			buildActionMask = 2147483647;
			files = (
			);
			runOnlyForDeploymentPostprocessing = 0;
		};
/* End PBXResourcesBuildPhase section */

/* Begin PBXSourcesBuildPhase section */
		83D7E0241D2870ED001DD274 /* Sources */ = {
			isa = PBXSourcesBuildPhase;
			buildActionMask = 2147483647;
			files = (
				83D7E02E1D2870ED001DD274 /* Document.swift in Sources */,
				83D7E02C1D2870ED001DD274 /* AppDelegate.swift in Sources */,
			);
			runOnlyForDeploymentPostprocessing = 0;
		};
		83D7E0381D2870ED001DD274 /* Sources */ = {
			isa = PBXSourcesBuildPhase;
			buildActionMask = 2147483647;
			files = (
				83D7E0411D2870ED001DD274 /* NotesTests.swift in Sources */,
			);
			runOnlyForDeploymentPostprocessing = 0;
		};
		83D7E0431D2870ED001DD274 /* Sources */ = {
			isa = PBXSourcesBuildPhase;
			buildActionMask = 2147483647;
			files = (
				83D7E04C1D2870ED001DD274 /* NotesUITests.swift in Sources */,
			);
			runOnlyForDeploymentPostprocessing = 0;
		};
/* End PBXSourcesBuildPhase section */

/* Begin PBXTargetDependency section */
		83D7E03E1D2870ED001DD274 /* PBXTargetDependency */ = {
			isa = PBXTargetDependency;
			target = 83D7E0271D2870ED001DD274 /* Notes */;
			targetProxy = 83D7E03D1D2870ED001DD274 /* PBXContainerItemProxy */;
		};
		83D7E0491D2870ED001DD274 /* PBXTargetDependency */ = {
			isa = PBXTargetDependency;
			target = 83D7E0271D2870ED001DD274 /* Notes */;
			targetProxy = 83D7E0481D2870ED001DD274 /* PBXContainerItemProxy */;
		};
/* End PBXTargetDependency section */

/* Begin PBXVariantGroup section */
		83D7E02F1D2870ED001DD274 /* Document.xib */ = {
			isa = PBXVariantGroup;
			children = (
				83D7E0301D2870ED001DD274 /* Base */,
			);
			name = Document.xib;
			sourceTree = "<group>";
		};
		83D7E0341D2870ED001DD274 /* MainMenu.xib */ = {
			isa = PBXVariantGroup;
			children = (
				83D7E0351D2870ED001DD274 /* Base */,
			);
			name = MainMenu.xib;
			sourceTree = "<group>";
		};
/* End PBXVariantGroup section */

/* Begin XCBuildConfiguration section */
		83D7E04E1D2870ED001DD274 /* Debug */ = {
			isa = XCBuildConfiguration;
			buildSettings = {
				ALWAYS_SEARCH_USER_PATHS = NO;
				CLANG_ANALYZER_NONNULL = YES;
				CLANG_CXX_LANGUAGE_STANDARD = "gnu++0x";
				CLANG_CXX_LIBRARY = "libc++";
				CLANG_ENABLE_MODULES = YES;
				CLANG_ENABLE_OBJC_ARC = YES;
				CLANG_WARN_BOOL_CONVERSION = YES;
				CLANG_WARN_CONSTANT_CONVERSION = YES;
				CLANG_WARN_DIRECT_OBJC_ISA_USAGE = YES_ERROR;
				CLANG_WARN_DOCUMENTATION_COMMENTS = YES;
				CLANG_WARN_EMPTY_BODY = YES;
				CLANG_WARN_ENUM_CONVERSION = YES;
				CLANG_WARN_INT_CONVERSION = YES;
				CLANG_WARN_OBJC_ROOT_CLASS = YES_ERROR;
				CLANG_WARN_UNREACHABLE_CODE = YES;
				CLANG_WARN__DUPLICATE_METHOD_MATCH = YES;
				CODE_SIGN_IDENTITY = "-";
				COPY_PHASE_STRIP = NO;
				DEBUG_INFORMATION_FORMAT = dwarf;
				ENABLE_STRICT_OBJC_MSGSEND = YES;
				ENABLE_TESTABILITY = YES;
				GCC_C_LANGUAGE_STANDARD = gnu99;
				GCC_DYNAMIC_NO_PIC = NO;
				GCC_NO_COMMON_BLOCKS = YES;
				GCC_OPTIMIZATION_LEVEL = 0;
				GCC_PREPROCESSOR_DEFINITIONS = (
					"DEBUG=1",
					"$(inherited)",
				);
				GCC_WARN_64_TO_32_BIT_CONVERSION = YES;
				GCC_WARN_ABOUT_RETURN_TYPE = YES_ERROR;
				GCC_WARN_UNDECLARED_SELECTOR = YES;
				GCC_WARN_UNINITIALIZED_AUTOS = YES_AGGRESSIVE;
				GCC_WARN_UNUSED_FUNCTION = YES;
				GCC_WARN_UNUSED_VARIABLE = YES;
				MACOSX_DEPLOYMENT_TARGET = 10.11;
				MTL_ENABLE_DEBUG_INFO = YES;
				ONLY_ACTIVE_ARCH = YES;
				SDKROOT = macosx;
				SWIFT_ACTIVE_COMPILATION_CONDITIONS = DEBUG;
				SWIFT_OPTIMIZATION_LEVEL = "-Onone";
			};
			name = Debug;
		};
		83D7E04F1D2870ED001DD274 /* Release */ = {
			isa = XCBuildConfiguration;
			buildSettings = {
				ALWAYS_SEARCH_USER_PATHS = NO;
				CLANG_ANALYZER_NONNULL = YES;
				CLANG_CXX_LANGUAGE_STANDARD = "gnu++0x";
				CLANG_CXX_LIBRARY = "libc++";
				CLANG_ENABLE_MODULES = YES;
				CLANG_ENABLE_OBJC_ARC = YES;
				CLANG_WARN_BOOL_CONVERSION = YES;
				CLANG_WARN_CONSTANT_CONVERSION = YES;
				CLANG_WARN_DIRECT_OBJC_ISA_USAGE = YES_ERROR;
				CLANG_WARN_DOCUMENTATION_COMMENTS = YES;
				CLANG_WARN_EMPTY_BODY = YES;
				CLANG_WARN_ENUM_CONVERSION = YES;
				CLANG_WARN_INT_CONVERSION = YES;
				CLANG_WARN_OBJC_ROOT_CLASS = YES_ERROR;
				CLANG_WARN_UNREACHABLE_CODE = YES;
				CLANG_WARN__DUPLICATE_METHOD_MATCH = YES;
				CODE_SIGN_IDENTITY = "-";
				COPY_PHASE_STRIP = NO;
				DEBUG_INFORMATION_FORMAT = "dwarf-with-dsym";
				ENABLE_NS_ASSERTIONS = NO;
				ENABLE_STRICT_OBJC_MSGSEND = YES;
				GCC_C_LANGUAGE_STANDARD = gnu99;
				GCC_NO_COMMON_BLOCKS = YES;
				GCC_WARN_64_TO_32_BIT_CONVERSION = YES;
				GCC_WARN_ABOUT_RETURN_TYPE = YES_ERROR;
				GCC_WARN_UNDECLARED_SELECTOR = YES;
				GCC_WARN_UNINITIALIZED_AUTOS = YES_AGGRESSIVE;
				GCC_WARN_UNUSED_FUNCTION = YES;
				GCC_WARN_UNUSED_VARIABLE = YES;
				MACOSX_DEPLOYMENT_TARGET = 10.11;
				MTL_ENABLE_DEBUG_INFO = NO;
				SDKROOT = macosx;
				SWIFT_OPTIMIZATION_LEVEL = "-Owholemodule";
			};
			name = Release;
		};
		83D7E0511D2870ED001DD274 /* Debug */ = {
			isa = XCBuildConfiguration;
			buildSettings = {
				ASSETCATALOG_COMPILER_APPICON_NAME = AppIcon;
				COMBINE_HIDPI_IMAGES = YES;
				INFOPLIST_FILE = Notes/Info.plist;
				LD_RUNPATH_SEARCH_PATHS = "$(inherited) @executable_path/../Frameworks";
				PRODUCT_BUNDLE_IDENTIFIER = io.metacognitive.Notes;
				PRODUCT_NAME = "$(TARGET_NAME)";
				SWIFT_VERSION = 3.0;
			};
			name = Debug;
		};
		83D7E0521D2870ED001DD274 /* Release */ = {
			isa = XCBuildConfiguration;
			buildSettings = {
				ASSETCATALOG_COMPILER_APPICON_NAME = AppIcon;
				COMBINE_HIDPI_IMAGES = YES;
				INFOPLIST_FILE = Notes/Info.plist;
				LD_RUNPATH_SEARCH_PATHS = "$(inherited) @executable_path/../Frameworks";
				PRODUCT_BUNDLE_IDENTIFIER = io.metacognitive.Notes;
				PRODUCT_NAME = "$(TARGET_NAME)";
				SWIFT_VERSION = 3.0;
			};
			name = Release;
		};
		83D7E0541D2870ED001DD274 /* Debug */ = {
			isa = XCBuildConfiguration;
			buildSettings = {
				BUNDLE_LOADER = "$(TEST_HOST)";
				COMBINE_HIDPI_IMAGES = YES;
				INFOPLIST_FILE = NotesTests/Info.plist;
				LD_RUNPATH_SEARCH_PATHS = "$(inherited) @executable_path/../Frameworks @loader_path/../Frameworks";
				PRODUCT_BUNDLE_IDENTIFIER = io.metacognitive.NotesTests;
				PRODUCT_NAME = "$(TARGET_NAME)";
				SWIFT_VERSION = 3.0;
				TEST_HOST = "$(BUILT_PRODUCTS_DIR)/Notes.app/Contents/MacOS/Notes";
			};
			name = Debug;
		};
		83D7E0551D2870ED001DD274 /* Release */ = {
			isa = XCBuildConfiguration;
			buildSettings = {
				BUNDLE_LOADER = "$(TEST_HOST)";
				COMBINE_HIDPI_IMAGES = YES;
				INFOPLIST_FILE = NotesTests/Info.plist;
				LD_RUNPATH_SEARCH_PATHS = "$(inherited) @executable_path/../Frameworks @loader_path/../Frameworks";
				PRODUCT_BUNDLE_IDENTIFIER = io.metacognitive.NotesTests;
				PRODUCT_NAME = "$(TARGET_NAME)";
				SWIFT_VERSION = 3.0;
				TEST_HOST = "$(BUILT_PRODUCTS_DIR)/Notes.app/Contents/MacOS/Notes";
			};
			name = Release;
		};
		83D7E0571D2870ED001DD274 /* Debug */ = {
			isa = XCBuildConfiguration;
			buildSettings = {
				COMBINE_HIDPI_IMAGES = YES;
				INFOPLIST_FILE = NotesUITests/Info.plist;
				LD_RUNPATH_SEARCH_PATHS = "$(inherited) @executable_path/../Frameworks @loader_path/../Frameworks";
				PRODUCT_BUNDLE_IDENTIFIER = io.metacognitive.NotesUITests;
				PRODUCT_NAME = "$(TARGET_NAME)";
				SWIFT_VERSION = 3.0;
				TEST_TARGET_NAME = Notes;
			};
			name = Debug;
		};
		83D7E0581D2870ED001DD274 /* Release */ = {
			isa = XCBuildConfiguration;
			buildSettings = {
				COMBINE_HIDPI_IMAGES = YES;
				INFOPLIST_FILE = NotesUITests/Info.plist;
				LD_RUNPATH_SEARCH_PATHS = "$(inherited) @executable_path/../Frameworks @loader_path/../Frameworks";
				PRODUCT_BUNDLE_IDENTIFIER = io.metacognitive.NotesUITests;
				PRODUCT_NAME = "$(TARGET_NAME)";
				SWIFT_VERSION = 3.0;
				TEST_TARGET_NAME = Notes;
			};
			name = Release;
		};
/* End XCBuildConfiguration section */

/* Begin XCConfigurationList section */
		83D7E0231D2870ED001DD274 /* Build configuration list for PBXProject "Notes" */ = {
			isa = XCConfigurationList;
			buildConfigurations = (
				83D7E04E1D2870ED001DD274 /* Debug */,
				83D7E04F1D2870ED001DD274 /* Release */,
			);
			defaultConfigurationIsVisible = 0;
			defaultConfigurationName = Release;
		};
		83D7E0501D2870ED001DD274 /* Build configuration list for PBXNativeTarget "Notes" */ = {
			isa = XCConfigurationList;
			buildConfigurations = (
				83D7E0511D2870ED001DD274 /* Debug */,
				83D7E0521D2870ED001DD274 /* Release */,
			);
			defaultConfigurationIsVisible = 0;
			defaultConfigurationName = Release;
		};
		83D7E0531D2870ED001DD274 /* Build configuration list for PBXNativeTarget "NotesTests" */ = {
			isa = XCConfigurationList;
			buildConfigurations = (
				83D7E0541D2870ED001DD274 /* Debug */,
				83D7E0551D2870ED001DD274 /* Release */,
			);
			defaultConfigurationIsVisible = 0;
			defaultConfigurationName = Release;
		};
		83D7E0561D2870ED001DD274 /* Build configuration list for PBXNativeTarget "NotesUITests" */ = {
			isa = XCConfigurationList;
			buildConfigurations = (
				83D7E0571D2870ED001DD274 /* Debug */,
				83D7E0581D2870ED001DD274 /* Release */,
			);
			defaultConfigurationIsVisible = 0;
			defaultConfigurationName = Release;
		};
/* End XCConfigurationList section */
	};
	rootObject = 83D7E0201D2870ED001DD274 /* Project object */;
}
